
Microsoft Visual Studio Solution File, Format Version 12.00
# Visual Studio Version 16
VisualStudioVersion = 16.0.31911.196
MinimumVisualStudioVersion = 10.0.40219.1
Project("{FAE04EC0-301F-11D3-BF4B-00C04F79EFBC}") = "VTS.QLNS.CTC.Core", "VTS.QLNS.CTC.Core\VTS.QLNS.CTC.Core.csproj", "{43C7CEB2-5451-4ACF-840E-6CAD823082E1}"
EndProject
Project("{930C7802-8A8C-48F9-8165-68863BCCD9DD}") = "VTS.QLNS.CTC.Installer", "VTS.QLNS.CTC.Installer\VTS.QLNS.CTC.Installer.wixproj", "{F66877E1-1D86-47EE-8A08-3FA5F665080A}"
EndProject
Project("{FAE04EC0-301F-11D3-BF4B-00C04F79EFBC}") = "VTS.QLNS.CTC.Installer.Config", "VTS.QLNS.CTC.Installer.Config\VTS.QLNS.CTC.Installer.Config.csproj", "{D170EE1B-499B-495E-BE79-3861DD86A87B}"
EndProject
Project("{FAE04EC0-301F-11D3-BF4B-00C04F79EFBC}") = "VTS.QLNS.CTC.Utility", "VTS.QLNS.CTC.Utility\VTS.QLNS.CTC.Utility.csproj", "{60B4DC05-66BA-4035-BAF9-2F360F944BCF}"
EndProject
Project("{FAE04EC0-301F-11D3-BF4B-00C04F79EFBC}") = "VTS.QLNS.CTC.Libs.PDFViewer", "VTS.QLNS.CTC.Libs.PDFViewer\VTS.QLNS.CTC.Libs.PDFViewer.csproj", "{594B46C0-2AC4-436F-9B48-C4FDF3D40791}"
EndProject
Project("{FAE04EC0-301F-11D3-BF4B-00C04F79EFBC}") = "VTS.QLNS.CTC.Update", "VTS.QLNS.CTC.Update\VTS.QLNS.CTC.Update.csproj", "{9C9B515E-E8FC-4B13-B1D9-44C6C430B710}"
EndProject
Project("{FAE04EC0-301F-11D3-BF4B-00C04F79EFBC}") = "VTS.QLNS.CTC.Custom", "VTS.QLNS.CTC.Custom\VTS.QLNS.CTC.Custom.csproj", "{025AC6A5-6C1A-4EDD-BEB8-FFB9FE9F32B2}"
EndProject
Project("{FAE04EC0-301F-11D3-BF4B-00C04F79EFBC}") = "VTS.QLNS.CTC.App", "VTS.QLNS.CTC.App\VTS.QLNS.CTC.App.csproj", "{F5364EE6-A0DE-4A3C-A907-CCCC91D5C490}"
EndProject
Global
	GlobalSection(SolutionConfigurationPlatforms) = preSolution
		Debug|Any CPU = Debug|Any CPU
		Debug|x64 = Debug|x64
		Debug|x86 = Debug|x86
		Release|Any CPU = Release|Any CPU
		Release|x64 = Release|x64
		Release|x86 = Release|x86
	EndGlobalSection
	GlobalSection(ProjectConfigurationPlatforms) = postSolution
		{43C7CEB2-5451-4ACF-840E-6CAD823082E1}.Debug|Any CPU.ActiveCfg = Debug|Any CPU
		{43C7CEB2-5451-4ACF-840E-6CAD823082E1}.Debug|Any CPU.Build.0 = Debug|Any CPU
		{43C7CEB2-5451-4ACF-840E-6CAD823082E1}.Debug|x64.ActiveCfg = Debug|x64
		{43C7CEB2-5451-4ACF-840E-6CAD823082E1}.Debug|x64.Build.0 = Debug|x64
		{43C7CEB2-5451-4ACF-840E-6CAD823082E1}.Debug|x86.ActiveCfg = Debug|x86
		{43C7CEB2-5451-4ACF-840E-6CAD823082E1}.Debug|x86.Build.0 = Debug|x86
		{43C7CEB2-5451-4ACF-840E-6CAD823082E1}.Release|Any CPU.ActiveCfg = Release|Any CPU
		{43C7CEB2-5451-4ACF-840E-6CAD823082E1}.Release|Any CPU.Build.0 = Release|Any CPU
		{43C7CEB2-5451-4ACF-840E-6CAD823082E1}.Release|x64.ActiveCfg = Release|Any CPU
		{43C7CEB2-5451-4ACF-840E-6CAD823082E1}.Release|x64.Build.0 = Release|Any CPU
		{43C7CEB2-5451-4ACF-840E-6CAD823082E1}.Release|x86.ActiveCfg = Release|x86
		{43C7CEB2-5451-4ACF-840E-6CAD823082E1}.Release|x86.Build.0 = Release|x86
		{F66877E1-1D86-47EE-8A08-3FA5F665080A}.Debug|Any CPU.ActiveCfg = Debug|x64
		{F66877E1-1D86-47EE-8A08-3FA5F665080A}.Debug|x64.ActiveCfg = Debug|x64
		{F66877E1-1D86-47EE-8A08-3FA5F665080A}.Debug|x64.Build.0 = Debug|x64
		{F66877E1-1D86-47EE-8A08-3FA5F665080A}.Debug|x86.ActiveCfg = Debug|x86
		{F66877E1-1D86-47EE-8A08-3FA5F665080A}.Debug|x86.Build.0 = Debug|x86
		{F66877E1-1D86-47EE-8A08-3FA5F665080A}.Release|Any CPU.ActiveCfg = Release|x64
		{F66877E1-1D86-47EE-8A08-3FA5F665080A}.Release|Any CPU.Build.0 = Release|x64
		{F66877E1-1D86-47EE-8A08-3FA5F665080A}.Release|x64.ActiveCfg = Release|x64
		{F66877E1-1D86-47EE-8A08-3FA5F665080A}.Release|x64.Build.0 = Release|x64
		{F66877E1-1D86-47EE-8A08-3FA5F665080A}.Release|x86.ActiveCfg = Release|x86
		{F66877E1-1D86-47EE-8A08-3FA5F665080A}.Release|x86.Build.0 = Release|x86
		{D170EE1B-499B-495E-BE79-3861DD86A87B}.Debug|Any CPU.ActiveCfg = Debug|x64
		{D170EE1B-499B-495E-BE79-3861DD86A87B}.Debug|x64.ActiveCfg = Debug|x64
		{D170EE1B-499B-495E-BE79-3861DD86A87B}.Debug|x64.Build.0 = Debug|x64
		{D170EE1B-499B-495E-BE79-3861DD86A87B}.Debug|x86.ActiveCfg = Debug|x86
		{D170EE1B-499B-495E-BE79-3861DD86A87B}.Debug|x86.Build.0 = Debug|x86
		{D170EE1B-499B-495E-BE79-3861DD86A87B}.Release|Any CPU.ActiveCfg = Release|x64
		{D170EE1B-499B-495E-BE79-3861DD86A87B}.Release|Any CPU.Build.0 = Release|x64
		{D170EE1B-499B-495E-BE79-3861DD86A87B}.Release|x64.ActiveCfg = Release|x64
		{D170EE1B-499B-495E-BE79-3861DD86A87B}.Release|x64.Build.0 = Release|x64
		{D170EE1B-499B-495E-BE79-3861DD86A87B}.Release|x86.ActiveCfg = Release|x86
		{D170EE1B-499B-495E-BE79-3861DD86A87B}.Release|x86.Build.0 = Release|x86
		{60B4DC05-66BA-4035-BAF9-2F360F944BCF}.Debug|Any CPU.ActiveCfg = Debug|Any CPU
		{60B4DC05-66BA-4035-BAF9-2F360F944BCF}.Debug|Any CPU.Build.0 = Debug|Any CPU
		{60B4DC05-66BA-4035-BAF9-2F360F944BCF}.Debug|x64.ActiveCfg = Debug|Any CPU
		{60B4DC05-66BA-4035-BAF9-2F360F944BCF}.Debug|x64.Build.0 = Debug|Any CPU
		{60B4DC05-66BA-4035-BAF9-2F360F944BCF}.Debug|x86.ActiveCfg = Debug|Any CPU
		{60B4DC05-66BA-4035-BAF9-2F360F944BCF}.Debug|x86.Build.0 = Debug|Any CPU
		{60B4DC05-66BA-4035-BAF9-2F360F944BCF}.Release|Any CPU.ActiveCfg = Release|Any CPU
		{60B4DC05-66BA-4035-BAF9-2F360F944BCF}.Release|Any CPU.Build.0 = Release|Any CPU
		{60B4DC05-66BA-4035-BAF9-2F360F944BCF}.Release|x64.ActiveCfg = Release|Any CPU
		{60B4DC05-66BA-4035-BAF9-2F360F944BCF}.Release|x64.Build.0 = Release|Any CPU
		{60B4DC05-66BA-4035-BAF9-2F360F944BCF}.Release|x86.ActiveCfg = Release|x86
		{60B4DC05-66BA-4035-BAF9-2F360F944BCF}.Release|x86.Build.0 = Release|x86
		{594B46C0-2AC4-436F-9B48-C4FDF3D40791}.Debug|Any CPU.ActiveCfg = Debug|Any CPU
		{594B46C0-2AC4-436F-9B48-C4FDF3D40791}.Debug|Any CPU.Build.0 = Debug|Any CPU
		{594B46C0-2AC4-436F-9B48-C4FDF3D40791}.Debug|x64.ActiveCfg = Debug|Any CPU
		{594B46C0-2AC4-436F-9B48-C4FDF3D40791}.Debug|x64.Build.0 = Debug|Any CPU
		{594B46C0-2AC4-436F-9B48-C4FDF3D40791}.Debug|x86.ActiveCfg = Debug|Any CPU
		{594B46C0-2AC4-436F-9B48-C4FDF3D40791}.Debug|x86.Build.0 = Debug|Any CPU
		{594B46C0-2AC4-436F-9B48-C4FDF3D40791}.Release|Any CPU.ActiveCfg = Release|Any CPU
		{594B46C0-2AC4-436F-9B48-C4FDF3D40791}.Release|Any CPU.Build.0 = Release|Any CPU
		{594B46C0-2AC4-436F-9B48-C4FDF3D40791}.Release|x64.ActiveCfg = Release|Any CPU
		{594B46C0-2AC4-436F-9B48-C4FDF3D40791}.Release|x64.Build.0 = Release|Any CPU
		{594B46C0-2AC4-436F-9B48-C4FDF3D40791}.Release|x86.ActiveCfg = Release|x86
		{594B46C0-2AC4-436F-9B48-C4FDF3D40791}.Release|x86.Build.0 = Release|x86
		{9C9B515E-E8FC-4B13-B1D9-44C6C430B710}.Debug|Any CPU.ActiveCfg = Debug|Any CPU
		{9C9B515E-E8FC-4B13-B1D9-44C6C430B710}.Debug|Any CPU.Build.0 = Debug|Any CPU
		{9C9B515E-E8FC-4B13-B1D9-44C6C430B710}.Debug|x64.ActiveCfg = Debug|Any CPU
		{9C9B515E-E8FC-4B13-B1D9-44C6C430B710}.Debug|x64.Build.0 = Debug|Any CPU
		{9C9B515E-E8FC-4B13-B1D9-44C6C430B710}.Debug|x86.ActiveCfg = Debug|Any CPU
		{9C9B515E-E8FC-4B13-B1D9-44C6C430B710}.Debug|x86.Build.0 = Debug|Any CPU
		{9C9B515E-E8FC-4B13-B1D9-44C6C430B710}.Release|Any CPU.ActiveCfg = Release|Any CPU
		{9C9B515E-E8FC-4B13-B1D9-44C6C430B710}.Release|Any CPU.Build.0 = Release|Any CPU
		{9C9B515E-E8FC-4B13-B1D9-44C6C430B710}.Release|x64.ActiveCfg = Release|Any CPU
		{9C9B515E-E8FC-4B13-B1D9-44C6C430B710}.Release|x64.Build.0 = Release|Any CPU
		{9C9B515E-E8FC-4B13-B1D9-44C6C430B710}.Release|x86.ActiveCfg = Release|x86
		{9C9B515E-E8FC-4B13-B1D9-44C6C430B710}.Release|x86.Build.0 = Release|x86
		{025AC6A5-6C1A-4EDD-BEB8-FFB9FE9F32B2}.Debug|Any CPU.ActiveCfg = Debug|Any CPU
		{025AC6A5-6C1A-4EDD-BEB8-FFB9FE9F32B2}.Debug|Any CPU.Build.0 = Debug|Any CPU
		{025AC6A5-6C1A-4EDD-BEB8-FFB9FE9F32B2}.Debug|x64.ActiveCfg = Debug|Any CPU
		{025AC6A5-6C1A-4EDD-BEB8-FFB9FE9F32B2}.Debug|x64.Build.0 = Debug|Any CPU
		{025AC6A5-6C1A-4EDD-BEB8-FFB9FE9F32B2}.Debug|x86.ActiveCfg = Debug|Any CPU
		{025AC6A5-6C1A-4EDD-BEB8-FFB9FE9F32B2}.Debug|x86.Build.0 = Debug|Any CPU
		{025AC6A5-6C1A-4EDD-BEB8-FFB9FE9F32B2}.Release|Any CPU.ActiveCfg = Release|Any CPU
		{025AC6A5-6C1A-4EDD-BEB8-FFB9FE9F32B2}.Release|Any CPU.Build.0 = Release|Any CPU
		{025AC6A5-6C1A-4EDD-BEB8-FFB9FE9F32B2}.Release|x64.ActiveCfg = Release|Any CPU
		{025AC6A5-6C1A-4EDD-BEB8-FFB9FE9F32B2}.Release|x64.Build.0 = Release|Any CPU
		{025AC6A5-6C1A-4EDD-BEB8-FFB9FE9F32B2}.Release|x86.ActiveCfg = Release|x86
		{025AC6A5-6C1A-4EDD-BEB8-FFB9FE9F32B2}.Release|x86.Build.0 = Release|x86
		{F5364EE6-A0DE-4A3C-A907-CCCC91D5C490}.Debug|Any CPU.ActiveCfg = Debug|Any CPU
		{F5364EE6-A0DE-4A3C-A907-CCCC91D5C490}.Debug|Any CPU.Build.0 = Debug|Any CPU
		{F5364EE6-A0DE-4A3C-A907-CCCC91D5C490}.Debug|x64.ActiveCfg = Debug|Any CPU
		{F5364EE6-A0DE-4A3C-A907-CCCC91D5C490}.Debug|x64.Build.0 = Debug|Any CPU
		{F5364EE6-A0DE-4A3C-A907-CCCC91D5C490}.Debug|x86.ActiveCfg = Debug|Any CPU
		{F5364EE6-A0DE-4A3C-A907-CCCC91D5C490}.Debug|x86.Build.0 = Debug|Any CPU
		{F5364EE6-A0DE-4A3C-A907-CCCC91D5C490}.Release|Any CPU.ActiveCfg = Release|Any CPU
		{F5364EE6-A0DE-4A3C-A907-CCCC91D5C490}.Release|Any CPU.Build.0 = Release|Any CPU
		{F5364EE6-A0DE-4A3C-A907-CCCC91D5C490}.Release|x64.ActiveCfg = Release|Any CPU
		{F5364EE6-A0DE-4A3C-A907-CCCC91D5C490}.Release|x64.Build.0 = Release|Any CPU
		{F5364EE6-A0DE-4A3C-A907-CCCC91D5C490}.Release|x86.ActiveCfg = Release|x86
		{F5364EE6-A0DE-4A3C-A907-CCCC91D5C490}.Release|x86.Build.0 = Release|x86
	EndGlobalSection
	GlobalSection(SolutionProperties) = preSolution
		HideSolutionNode = FALSE
	EndGlobalSection
	GlobalSection(ExtensibilityGlobals) = postSolution
		SolutionGuid = {6CA20DC9-92C8-4476-B10C-DF88EF2BBBA5}
	EndGlobalSection
EndGlobal
